
Microsoft Visual Studio Solution File, Format Version 12.00
# Visual Studio Version 17
VisualStudioVersion = 17.5.002.0
MinimumVisualStudioVersion = 10.0.40219.1
Project("{9A19103F-16F7-4668-BE54-9A1E7A4F7556}") = "Ambiente", "Ambiente.csproj", "{43589C3B-DE92-43E8-9FF2-5CB9E0E70EE6}"
EndProject
Global
	GlobalSection(SolutionConfigurationPlatforms) = preSolution
		Debug|Any CPU = Debug|Any CPU
		Release|Any CPU = Release|Any CPU
	EndGlobalSection
	GlobalSection(ProjectConfigurationPlatforms) = postSolution
		{43589C3B-DE92-43E8-9FF2-5CB9E0E70EE6}.Debug|Any CPU.ActiveCfg = Debug|Any CPU
		{43589C3B-DE92-43E8-9FF2-5CB9E0E70EE6}.Debug|Any CPU.Build.0 = Debug|Any CPU
		{43589C3B-DE92-43E8-9FF2-5CB9E0E70EE6}.Release|Any CPU.ActiveCfg = Release|Any CPU
		{43589C3B-DE92-43E8-9FF2-5CB9E0E70EE6}.Release|Any CPU.Build.0 = Release|Any CPU
	EndGlobalSection
	GlobalSection(SolutionProperties) = preSolution
		HideSolutionNode = FALSE
	EndGlobalSection
	GlobalSection(ExtensibilityGlobals) = postSolution
		SolutionGuid = {FB5C56EB-7E9C-4258-9D9B-5FE9649092D8}
	EndGlobalSection
EndGlobal
